{
  "name": "shasoft-exec",
  "lockfileVersion": 3,
  "requires": true,
  "packages": {
    "": {
      "name": "shasoft-exec",
      "license": "MIT",
      "dependencies": {
        "lodash": "^4.17.21",
        "terminal-write": "file:E:\\Development\\repositories\\npm\\terminal-write"
      },
      "engines": {
        "node": ">= 10.18.1",
        "npm": ">= 6.13.4",
        "yarn": ">= 1.21.1"
      }
    },
    "../terminal-write": {
      "version": "1.0.0",
      "license": "MIT",
      "devDependencies": {
        "shasoft-fs": "file:E:\\Development\\repositories\\npm\\shasoft-fs"
      },
      "engines": {
        "node": ">= 10.18.1",
        "npm": ">= 6.13.4",
        "yarn": ">= 1.21.1"
      }
    },
    "node_modules/lodash": {
      "version": "4.17.21",
      "resolved": "https://registry.npmjs.org/lodash/-/lodash-4.17.21.tgz",
      "integrity": "sha512-v2kDEe57lecTulaDIuNTPy3Ry4gLGJ6Z1O3vE1krgXZNrsQ+LFTGHVxVjcXPs17LhbZVGedAJv8XZ1tvj5FvSg==",
      "license": "MIT"
    },
    "node_modules/terminal-write": {
      "resolved": "../terminal-write",
      "link": true
    }
  }
}
